
Microsoft Visual Studio Solution File, Format Version 12.00
# Visual Studio 15
VisualStudioVersion = 15.0.28010.2003
MinimumVisualStudioVersion = 10.0.40219.1
Project("{FAE04EC0-301F-11D3-BF4B-00C04F79EFBC}") = "5.15.19", "5.15.19\5.15.19.csproj", "{911E72F5-BEC7-4267-A680-E60E320CB820}"
EndProject
Project("{FAE04EC0-301F-11D3-BF4B-00C04F79EFBC}") = "Data", "Data\Data.csproj", "{594A787D-B1FA-41F5-BBE6-DA12EA863AE8}"
EndProject
Global
	GlobalSection(SolutionConfigurationPlatforms) = preSolution
		Debug|Any CPU = Debug|Any CPU
		Release|Any CPU = Release|Any CPU
	EndGlobalSection
	GlobalSection(ProjectConfigurationPlatforms) = postSolution
		{911E72F5-BEC7-4267-A680-E60E320CB820}.Debug|Any CPU.ActiveCfg = Debug|Any CPU
		{911E72F5-BEC7-4267-A680-E60E320CB820}.Debug|Any CPU.Build.0 = Debug|Any CPU
		{911E72F5-BEC7-4267-A680-E60E320CB820}.Release|Any CPU.ActiveCfg = Release|Any CPU
		{911E72F5-BEC7-4267-A680-E60E320CB820}.Release|Any CPU.Build.0 = Release|Any CPU
		{594A787D-B1FA-41F5-BBE6-DA12EA863AE8}.Debug|Any CPU.ActiveCfg = Debug|Any CPU
		{594A787D-B1FA-41F5-BBE6-DA12EA863AE8}.Debug|Any CPU.Build.0 = Debug|Any CPU
		{594A787D-B1FA-41F5-BBE6-DA12EA863AE8}.Release|Any CPU.ActiveCfg = Release|Any CPU
		{594A787D-B1FA-41F5-BBE6-DA12EA863AE8}.Release|Any CPU.Build.0 = Release|Any CPU
	EndGlobalSection
	GlobalSection(SolutionProperties) = preSolution
		HideSolutionNode = FALSE
	EndGlobalSection
	GlobalSection(ExtensibilityGlobals) = postSolution
		SolutionGuid = {11A9815A-113D-4BF7-95B5-245A7ED4CC00}
	EndGlobalSection
EndGlobal
